{
  "name": "main",
  "version": "1.0.0",
  "lockfileVersion": 3,
  "requires": true,
  "packages": {
    "": {
      "name": "main",
      "version": "1.0.0",
      "dependencies": {
        "@tosspayments/tosspayments-sdk": "^2.3.2"
      }
    },
    "node_modules/@tosspayments/tosspayments-sdk": {
      "version": "2.3.2",
      "resolved": "https://registry.npmjs.org/@tosspayments/tosspayments-sdk/-/tosspayments-sdk-2.3.2.tgz",
      "integrity": "sha512-8Sq1cMc4HrxF4zaL213D51epQM7P5p7Tq/iLARooX8SMSY/16MVs8NUuIcmO1dbfpcBaX10wLwYSOZcL4ZGRtw=="
    }
  }
}
